
Microsoft Visual Studio Solution File, Format Version 12.00
# Visual Studio Version 17
VisualStudioVersion = 17.3.32922.545
MinimumVisualStudioVersion = 10.0.40219.1
Project("{FAE04EC0-301F-11D3-BF4B-00C04F79EFBC}") = "ShopOnline.Web", "ShopOnline.Web\ShopOnline.Web.csproj", "{7D818052-CE6D-426B-8062-555A52283EA2}"
EndProject
Project("{FAE04EC0-301F-11D3-BF4B-00C04F79EFBC}") = "ShopOnline.Api", "ShopOnline.Api\ShopOnline.Api.csproj", "{08087694-013A-4DDE-8A42-40C51732A254}"
EndProject
Global
	GlobalSection(SolutionConfigurationPlatforms) = preSolution
		Debug|Any CPU = Debug|Any CPU
		Release|Any CPU = Release|Any CPU
	EndGlobalSection
	GlobalSection(ProjectConfigurationPlatforms) = postSolution
		{7D818052-CE6D-426B-8062-555A52283EA2}.Debug|Any CPU.ActiveCfg = Debug|Any CPU
		{7D818052-CE6D-426B-8062-555A52283EA2}.Debug|Any CPU.Build.0 = Debug|Any CPU
		{7D818052-CE6D-426B-8062-555A52283EA2}.Release|Any CPU.ActiveCfg = Release|Any CPU
		{7D818052-CE6D-426B-8062-555A52283EA2}.Release|Any CPU.Build.0 = Release|Any CPU
		{08087694-013A-4DDE-8A42-40C51732A254}.Debug|Any CPU.ActiveCfg = Debug|Any CPU
		{08087694-013A-4DDE-8A42-40C51732A254}.Debug|Any CPU.Build.0 = Debug|Any CPU
		{08087694-013A-4DDE-8A42-40C51732A254}.Release|Any CPU.ActiveCfg = Release|Any CPU
		{08087694-013A-4DDE-8A42-40C51732A254}.Release|Any CPU.Build.0 = Release|Any CPU
	EndGlobalSection
	GlobalSection(SolutionProperties) = preSolution
		HideSolutionNode = FALSE
	EndGlobalSection
	GlobalSection(ExtensibilityGlobals) = postSolution
		SolutionGuid = {83CC4D4D-B52E-4C40-8701-73DDAFF00DC1}
	EndGlobalSection
EndGlobal
